
Microsoft Visual Studio Solution File, Format Version 12.00
# Visual Studio Version 16
VisualStudioVersion = 16.0.31005.135
MinimumVisualStudioVersion = 10.0.40219.1
Project("{FAE04EC0-301F-11D3-BF4B-00C04F79EFBC}") = "TDD_1", "TDD_1\TDD_1.csproj", "{D92AEE67-9DB6-43A2-94C8-3C3FF4BE846E}"
EndProject
Project("{FAE04EC0-301F-11D3-BF4B-00C04F79EFBC}") = "NUnitTest", "NUnitTest\NUnitTest.csproj", "{7C02B406-27F9-4DD0-8DF6-F2A977542461}"
EndProject
Global
	GlobalSection(SolutionConfigurationPlatforms) = preSolution
		Debug|Any CPU = Debug|Any CPU
		Release|Any CPU = Release|Any CPU
	EndGlobalSection
	GlobalSection(ProjectConfigurationPlatforms) = postSolution
		{D92AEE67-9DB6-43A2-94C8-3C3FF4BE846E}.Debug|Any CPU.ActiveCfg = Debug|Any CPU
		{D92AEE67-9DB6-43A2-94C8-3C3FF4BE846E}.Debug|Any CPU.Build.0 = Debug|Any CPU
		{D92AEE67-9DB6-43A2-94C8-3C3FF4BE846E}.Release|Any CPU.ActiveCfg = Release|Any CPU
		{D92AEE67-9DB6-43A2-94C8-3C3FF4BE846E}.Release|Any CPU.Build.0 = Release|Any CPU
		{7C02B406-27F9-4DD0-8DF6-F2A977542461}.Debug|Any CPU.ActiveCfg = Debug|Any CPU
		{7C02B406-27F9-4DD0-8DF6-F2A977542461}.Debug|Any CPU.Build.0 = Debug|Any CPU
		{7C02B406-27F9-4DD0-8DF6-F2A977542461}.Release|Any CPU.ActiveCfg = Release|Any CPU
		{7C02B406-27F9-4DD0-8DF6-F2A977542461}.Release|Any CPU.Build.0 = Release|Any CPU
	EndGlobalSection
	GlobalSection(SolutionProperties) = preSolution
		HideSolutionNode = FALSE
	EndGlobalSection
	GlobalSection(ExtensibilityGlobals) = postSolution
		SolutionGuid = {C6894E81-4E1F-475F-8852-34DEC84346C4}
	EndGlobalSection
EndGlobal
